
Microsoft Visual Studio Solution File, Format Version 12.00
# Visual Studio Version 17
VisualStudioVersion = 17.0.32014.148
MinimumVisualStudioVersion = 10.0.40219.1
Project("{9A19103F-16F7-4668-BE54-9A1E7A4F7556}") = "BlogApi", "BlogApi\BlogApi.csproj", "{FBBF30C7-1E55-4551-BFCE-E3AED63150E7}"
EndProject
Global
	GlobalSection(SolutionConfigurationPlatforms) = preSolution
		Debug|Any CPU = Debug|Any CPU
		Release|Any CPU = Release|Any CPU
	EndGlobalSection
	GlobalSection(ProjectConfigurationPlatforms) = postSolution
		{FBBF30C7-1E55-4551-BFCE-E3AED63150E7}.Debug|Any CPU.ActiveCfg = Debug|Any CPU
		{FBBF30C7-1E55-4551-BFCE-E3AED63150E7}.Debug|Any CPU.Build.0 = Debug|Any CPU
		{FBBF30C7-1E55-4551-BFCE-E3AED63150E7}.Release|Any CPU.ActiveCfg = Release|Any CPU
		{FBBF30C7-1E55-4551-BFCE-E3AED63150E7}.Release|Any CPU.Build.0 = Release|Any CPU
	EndGlobalSection
	GlobalSection(SolutionProperties) = preSolution
		HideSolutionNode = FALSE
	EndGlobalSection
	GlobalSection(ExtensibilityGlobals) = postSolution
		SolutionGuid = {AABC58A3-0936-4AD8-B028-FAAA39FE62BE}
	EndGlobalSection
EndGlobal
